
Microsoft Visual Studio Solution File, Format Version 12.00
# Visual Studio 2012
Project("{FAE04EC0-301F-11D3-BF4B-00C04F79EFBC}") = "HangFire.Autofac", "HangFire.Autofac\HangFire.Autofac.csproj", "{635B2DE7-841F-4834-B609-8DA159D87552}"
EndProject
Project("{FAE04EC0-301F-11D3-BF4B-00C04F79EFBC}") = "HangFire.Autofac.Tests", "HangFire.Autofac.Tests\HangFire.Autofac.Tests.csproj", "{382A41AF-D939-4519-8336-DC6058CAA013}"
EndProject
Project("{2150E333-8FDC-42A3-9474-1A3956D46DE8}") = ".nuget", ".nuget", "{9058456C-F07D-4BD2-8E1C-9AAD8D836D81}"
	ProjectSection(SolutionItems) = preProject
		.nuget\NuGet.Config = .nuget\NuGet.Config
		.nuget\NuGet.exe = .nuget\NuGet.exe
		.nuget\NuGet.targets = .nuget\NuGet.targets
	EndProjectSection
EndProject
Global
	GlobalSection(SolutionConfigurationPlatforms) = preSolution
		Debug|Any CPU = Debug|Any CPU
		Release|Any CPU = Release|Any CPU
	EndGlobalSection
	GlobalSection(ProjectConfigurationPlatforms) = postSolution
		{635B2DE7-841F-4834-B609-8DA159D87552}.Debug|Any CPU.ActiveCfg = Debug|Any CPU
		{635B2DE7-841F-4834-B609-8DA159D87552}.Debug|Any CPU.Build.0 = Debug|Any CPU
		{635B2DE7-841F-4834-B609-8DA159D87552}.Release|Any CPU.ActiveCfg = Release|Any CPU
		{635B2DE7-841F-4834-B609-8DA159D87552}.Release|Any CPU.Build.0 = Release|Any CPU
		{382A41AF-D939-4519-8336-DC6058CAA013}.Debug|Any CPU.ActiveCfg = Debug|Any CPU
		{382A41AF-D939-4519-8336-DC6058CAA013}.Debug|Any CPU.Build.0 = Debug|Any CPU
		{382A41AF-D939-4519-8336-DC6058CAA013}.Release|Any CPU.ActiveCfg = Release|Any CPU
		{382A41AF-D939-4519-8336-DC6058CAA013}.Release|Any CPU.Build.0 = Release|Any CPU
	EndGlobalSection
	GlobalSection(SolutionProperties) = preSolution
		HideSolutionNode = FALSE
	EndGlobalSection
EndGlobal
